{
  "version": 4,
  "terraform_version": "1.0.4",
  "serial": 25,
  "lineage": "2102845e-0e40-8043-869d-0d46573600fa",
  "outputs": {},
  "resources": [
    {
      "mode": "managed",
      "type": "azurerm_availability_set",
      "name": "avset",
      "provider": "provider[\"registry.terraform.io/hashicorp/azurerm\"]",
      "instances": [
        {
          "schema_version": 0,
          "attributes": {
            "id": "/subscriptions/32771900-7a1d-4ba3-9fda-86ffcadfff49/resourceGroups/user07rg/providers/Microsoft.Compute/availabilitySets/avset",
            "location": "koreacentral",
            "managed": true,
            "name": "avset",
            "platform_fault_domain_count": 2,
            "platform_update_domain_count": 2,
            "proximity_placement_group_id": null,
            "resource_group_name": "user07rg",
            "tags": {},
            "timeouts": null
          },
          "sensitive_attributes": [],
          "private": "eyJlMmJmYjczMC1lY2FhLTExZTYtOGY4OC0zNDM2M2JjN2M0YzAiOnsiY3JlYXRlIjoxODAwMDAwMDAwMDAwLCJkZWxldGUiOjE4MDAwMDAwMDAwMDAsInJlYWQiOjMwMDAwMDAwMDAwMCwidXBkYXRlIjoxODAwMDAwMDAwMDAwfX0=",
          "dependencies": [
            "azurerm_resource_group.user07-rg"
          ]
        }
      ]
    },
    {
      "mode": "managed",
      "type": "azurerm_lb",
      "name": "user07-lb",
      "provider": "provider[\"registry.terraform.io/hashicorp/azurerm\"]",
      "instances": [
        {
          "schema_version": 0,
          "attributes": {
            "frontend_ip_configuration": [
              {
                "availability_zone": "No-Zone",
                "id": "/subscriptions/32771900-7a1d-4ba3-9fda-86ffcadfff49/resourceGroups/user07rg/providers/Microsoft.Network/loadBalancers/user07lb/frontendIPConfigurations/user07PublicIPAddress",
                "inbound_nat_rules": [
                  "/subscriptions/32771900-7a1d-4ba3-9fda-86ffcadfff49/resourceGroups/user07rg/providers/Microsoft.Network/loadBalancers/user07lb/inboundNatRules/web1SSH",
                  "/subscriptions/32771900-7a1d-4ba3-9fda-86ffcadfff49/resourceGroups/user07rg/providers/Microsoft.Network/loadBalancers/user07lb/inboundNatRules/web2SSH"
                ],
                "load_balancer_rules": [
                  "/subscriptions/32771900-7a1d-4ba3-9fda-86ffcadfff49/resourceGroups/user07rg/providers/Microsoft.Network/loadBalancers/user07lb/loadBalancingRules/http"
                ],
                "name": "user07PublicIPAddress",
                "outbound_rules": [],
                "private_ip_address": "",
                "private_ip_address_allocation": "Dynamic",
                "private_ip_address_version": "",
                "public_ip_address_id": "/subscriptions/32771900-7a1d-4ba3-9fda-86ffcadfff49/resourceGroups/user07rg/providers/Microsoft.Network/publicIPAddresses/mypublicIP",
                "public_ip_prefix_id": "",
                "subnet_id": "",
                "zones": []
              }
            ],
            "id": "/subscriptions/32771900-7a1d-4ba3-9fda-86ffcadfff49/resourceGroups/user07rg/providers/Microsoft.Network/loadBalancers/user07lb",
            "location": "koreacentral",
            "name": "user07lb",
            "private_ip_address": "",
            "private_ip_addresses": [],
            "resource_group_name": "user07rg",
            "sku": "Basic",
            "tags": {},
            "timeouts": null
          },
          "sensitive_attributes": [],
          "private": "eyJlMmJmYjczMC1lY2FhLTExZTYtOGY4OC0zNDM2M2JjN2M0YzAiOnsiY3JlYXRlIjoxODAwMDAwMDAwMDAwLCJkZWxldGUiOjE4MDAwMDAwMDAwMDAsInJlYWQiOjMwMDAwMDAwMDAwMCwidXBkYXRlIjoxODAwMDAwMDAwMDAwfX0=",
          "dependencies": [
            "azurerm_public_ip.user07-publicip",
            "azurerm_resource_group.user07-rg"
          ]
        }
      ]
    },
    {
      "mode": "managed",
      "type": "azurerm_lb_backend_address_pool",
      "name": "user07-bpepool",
      "provider": "provider[\"registry.terraform.io/hashicorp/azurerm\"]",
      "instances": [
        {
          "schema_version": 0,
          "attributes": {
            "backend_address": [],
            "backend_ip_configurations": [
              "/subscriptions/32771900-7a1d-4ba3-9fda-86ffcadfff49/resourceGroups/user07rg/providers/Microsoft.Network/networkInterfaces/myNIC1/ipConfigurations/myNicConfiguration1",
              "/subscriptions/32771900-7a1d-4ba3-9fda-86ffcadfff49/resourceGroups/user07rg/providers/Microsoft.Network/networkInterfaces/myNIC2/ipConfigurations/myNicConfiguration2"
            ],
            "id": "/subscriptions/32771900-7a1d-4ba3-9fda-86ffcadfff49/resourceGroups/user07rg/providers/Microsoft.Network/loadBalancers/user07lb/backendAddressPools/user07-BackEndAddressPool",
            "load_balancing_rules": [
              "/subscriptions/32771900-7a1d-4ba3-9fda-86ffcadfff49/resourceGroups/user07rg/providers/Microsoft.Network/loadBalancers/user07lb/loadBalancingRules/http"
            ],
            "loadbalancer_id": "/subscriptions/32771900-7a1d-4ba3-9fda-86ffcadfff49/resourceGroups/user07rg/providers/Microsoft.Network/loadBalancers/user07lb",
            "name": "user07-BackEndAddressPool",
            "outbound_rules": [],
            "resource_group_name": "user07rg",
            "timeouts": null
          },
          "sensitive_attributes": [],
          "private": "eyJlMmJmYjczMC1lY2FhLTExZTYtOGY4OC0zNDM2M2JjN2M0YzAiOnsiY3JlYXRlIjoxODAwMDAwMDAwMDAwLCJkZWxldGUiOjE4MDAwMDAwMDAwMDAsInJlYWQiOjMwMDAwMDAwMDAwMCwidXBkYXRlIjoxODAwMDAwMDAwMDAwfX0=",
          "dependencies": [
            "azurerm_resource_group.user07-rg",
            "azurerm_lb.user07-lb",
            "azurerm_public_ip.user07-publicip"
          ]
        }
      ]
    },
    {
      "mode": "managed",
      "type": "azurerm_lb_nat_rule",
      "name": "natrule1",
      "provider": "provider[\"registry.terraform.io/hashicorp/azurerm\"]",
      "instances": [
        {
          "schema_version": 0,
          "attributes": {
            "backend_ip_configuration_id": "/subscriptions/32771900-7a1d-4ba3-9fda-86ffcadfff49/resourceGroups/user07rg/providers/Microsoft.Network/networkInterfaces/myNIC1/ipConfigurations/myNicConfiguration1",
            "backend_port": 22,
            "enable_floating_ip": false,
            "enable_tcp_reset": false,
            "frontend_ip_configuration_id": "/subscriptions/32771900-7a1d-4ba3-9fda-86ffcadfff49/resourceGroups/user07rg/providers/Microsoft.Network/loadBalancers/user07lb/frontendIPConfigurations/user07PublicIPAddress",
            "frontend_ip_configuration_name": "user07PublicIPAddress",
            "frontend_port": 50001,
            "id": "/subscriptions/32771900-7a1d-4ba3-9fda-86ffcadfff49/resourceGroups/user07rg/providers/Microsoft.Network/loadBalancers/user07lb/inboundNatRules/web1SSH",
            "idle_timeout_in_minutes": 4,
            "loadbalancer_id": "/subscriptions/32771900-7a1d-4ba3-9fda-86ffcadfff49/resourceGroups/user07rg/providers/Microsoft.Network/loadBalancers/user07lb",
            "name": "web1SSH",
            "protocol": "Tcp",
            "resource_group_name": "user07rg",
            "timeouts": null
          },
          "sensitive_attributes": [],
          "private": "eyJlMmJmYjczMC1lY2FhLTExZTYtOGY4OC0zNDM2M2JjN2M0YzAiOnsiY3JlYXRlIjoxODAwMDAwMDAwMDAwLCJkZWxldGUiOjE4MDAwMDAwMDAwMDAsInJlYWQiOjMwMDAwMDAwMDAwMCwidXBkYXRlIjoxODAwMDAwMDAwMDAwfX0=",
          "dependencies": [
            "azurerm_lb.user07-lb",
            "azurerm_public_ip.user07-publicip",
            "azurerm_resource_group.user07-rg"
          ]
        }
      ]
    },
    {
      "mode": "managed",
      "type": "azurerm_lb_nat_rule",
      "name": "natrule2",
      "provider": "provider[\"registry.terraform.io/hashicorp/azurerm\"]",
      "instances": [
        {
          "schema_version": 0,
          "attributes": {
            "backend_ip_configuration_id": "/subscriptions/32771900-7a1d-4ba3-9fda-86ffcadfff49/resourceGroups/user07rg/providers/Microsoft.Network/networkInterfaces/myNIC2/ipConfigurations/myNicConfiguration2",
            "backend_port": 22,
            "enable_floating_ip": false,
            "enable_tcp_reset": false,
            "frontend_ip_configuration_id": "/subscriptions/32771900-7a1d-4ba3-9fda-86ffcadfff49/resourceGroups/user07rg/providers/Microsoft.Network/loadBalancers/user07lb/frontendIPConfigurations/user07PublicIPAddress",
            "frontend_ip_configuration_name": "user07PublicIPAddress",
            "frontend_port": 50002,
            "id": "/subscriptions/32771900-7a1d-4ba3-9fda-86ffcadfff49/resourceGroups/user07rg/providers/Microsoft.Network/loadBalancers/user07lb/inboundNatRules/web2SSH",
            "idle_timeout_in_minutes": 4,
            "loadbalancer_id": "/subscriptions/32771900-7a1d-4ba3-9fda-86ffcadfff49/resourceGroups/user07rg/providers/Microsoft.Network/loadBalancers/user07lb",
            "name": "web2SSH",
            "protocol": "Tcp",
            "resource_group_name": "user07rg",
            "timeouts": null
          },
          "sensitive_attributes": [],
          "private": "eyJlMmJmYjczMC1lY2FhLTExZTYtOGY4OC0zNDM2M2JjN2M0YzAiOnsiY3JlYXRlIjoxODAwMDAwMDAwMDAwLCJkZWxldGUiOjE4MDAwMDAwMDAwMDAsInJlYWQiOjMwMDAwMDAwMDAwMCwidXBkYXRlIjoxODAwMDAwMDAwMDAwfX0=",
          "dependencies": [
            "azurerm_lb.user07-lb",
            "azurerm_public_ip.user07-publicip",
            "azurerm_resource_group.user07-rg"
          ]
        }
      ]
    },
    {
      "mode": "managed",
      "type": "azurerm_lb_probe",
      "name": "user07-lb-probe",
      "provider": "provider[\"registry.terraform.io/hashicorp/azurerm\"]",
      "instances": [
        {
          "schema_version": 0,
          "attributes": {
            "id": "/subscriptions/32771900-7a1d-4ba3-9fda-86ffcadfff49/resourceGroups/user07rg/providers/Microsoft.Network/loadBalancers/user07lb/probes/http-probe",
            "interval_in_seconds": 15,
            "load_balancer_rules": [
              "/subscriptions/32771900-7a1d-4ba3-9fda-86ffcadfff49/resourceGroups/user07rg/providers/Microsoft.Network/loadBalancers/user07lb/loadBalancingRules/http"
            ],
            "loadbalancer_id": "/subscriptions/32771900-7a1d-4ba3-9fda-86ffcadfff49/resourceGroups/user07rg/providers/Microsoft.Network/loadBalancers/user07lb",
            "name": "http-probe",
            "number_of_probes": 2,
            "port": 80,
            "protocol": "Http",
            "request_path": "/",
            "resource_group_name": "user07rg",
            "timeouts": null
          },
          "sensitive_attributes": [],
          "private": "eyJlMmJmYjczMC1lY2FhLTExZTYtOGY4OC0zNDM2M2JjN2M0YzAiOnsiY3JlYXRlIjoxODAwMDAwMDAwMDAwLCJkZWxldGUiOjE4MDAwMDAwMDAwMDAsInJlYWQiOjMwMDAwMDAwMDAwMCwidXBkYXRlIjoxODAwMDAwMDAwMDAwfX0=",
          "dependencies": [
            "azurerm_lb.user07-lb",
            "azurerm_public_ip.user07-publicip",
            "azurerm_resource_group.user07-rg"
          ]
        }
      ]
    },
    {
      "mode": "managed",
      "type": "azurerm_lb_rule",
      "name": "lbrule",
      "provider": "provider[\"registry.terraform.io/hashicorp/azurerm\"]",
      "instances": [
        {
          "schema_version": 0,
          "attributes": {
            "backend_address_pool_id": "/subscriptions/32771900-7a1d-4ba3-9fda-86ffcadfff49/resourceGroups/user07rg/providers/Microsoft.Network/loadBalancers/user07lb/backendAddressPools/user07-BackEndAddressPool",
            "backend_port": 80,
            "disable_outbound_snat": false,
            "enable_floating_ip": false,
            "enable_tcp_reset": false,
            "frontend_ip_configuration_id": "/subscriptions/32771900-7a1d-4ba3-9fda-86ffcadfff49/resourceGroups/user07rg/providers/Microsoft.Network/loadBalancers/user07lb/frontendIPConfigurations/user07PublicIPAddress",
            "frontend_ip_configuration_name": "user07PublicIPAddress",
            "frontend_port": 80,
            "id": "/subscriptions/32771900-7a1d-4ba3-9fda-86ffcadfff49/resourceGroups/user07rg/providers/Microsoft.Network/loadBalancers/user07lb/loadBalancingRules/http",
            "idle_timeout_in_minutes": 4,
            "load_distribution": "Default",
            "loadbalancer_id": "/subscriptions/32771900-7a1d-4ba3-9fda-86ffcadfff49/resourceGroups/user07rg/providers/Microsoft.Network/loadBalancers/user07lb",
            "name": "http",
            "probe_id": "/subscriptions/32771900-7a1d-4ba3-9fda-86ffcadfff49/resourceGroups/user07rg/providers/Microsoft.Network/loadBalancers/user07lb/probes/http-probe",
            "protocol": "Tcp",
            "resource_group_name": "user07rg",
            "timeouts": null
          },
          "sensitive_attributes": [],
          "private": "eyJlMmJmYjczMC1lY2FhLTExZTYtOGY4OC0zNDM2M2JjN2M0YzAiOnsiY3JlYXRlIjoxODAwMDAwMDAwMDAwLCJkZWxldGUiOjE4MDAwMDAwMDAwMDAsInJlYWQiOjMwMDAwMDAwMDAwMCwidXBkYXRlIjoxODAwMDAwMDAwMDAwfX0=",
          "dependencies": [
            "azurerm_lb.user07-lb",
            "azurerm_lb_backend_address_pool.user07-bpepool",
            "azurerm_lb_probe.user07-lb-probe",
            "azurerm_public_ip.user07-publicip",
            "azurerm_resource_group.user07-rg"
          ]
        }
      ]
    },
    {
      "mode": "managed",
      "type": "azurerm_network_interface",
      "name": "nic1",
      "provider": "provider[\"registry.terraform.io/hashicorp/azurerm\"]",
      "instances": [
        {
          "schema_version": 0,
          "attributes": {
            "applied_dns_servers": [],
            "dns_servers": [],
            "enable_accelerated_networking": false,
            "enable_ip_forwarding": false,
            "id": "/subscriptions/32771900-7a1d-4ba3-9fda-86ffcadfff49/resourceGroups/user07rg/providers/Microsoft.Network/networkInterfaces/myNIC1",
            "internal_dns_name_label": "",
            "internal_domain_name_suffix": "vrmdfamr5lcebfxsgb25r4qupd.syx.internal.cloudapp.net",
            "ip_configuration": [
              {
                "name": "myNicConfiguration1",
                "primary": true,
                "private_ip_address": "7.0.1.4",
                "private_ip_address_allocation": "Dynamic",
                "private_ip_address_version": "IPv4",
                "public_ip_address_id": "",
                "subnet_id": "/subscriptions/32771900-7a1d-4ba3-9fda-86ffcadfff49/resourceGroups/user07rg/providers/Microsoft.Network/virtualNetworks/user07-vnet/subnets/user07-mysubnet1"
              }
            ],
            "location": "koreacentral",
            "mac_address": "",
            "name": "myNIC1",
            "private_ip_address": "7.0.1.4",
            "private_ip_addresses": [
              "7.0.1.4"
            ],
            "resource_group_name": "user07rg",
            "tags": {
              "environment": "Terraform Demo"
            },
            "timeouts": null,
            "virtual_machine_id": ""
          },
          "sensitive_attributes": [],
          "private": "eyJlMmJmYjczMC1lY2FhLTExZTYtOGY4OC0zNDM2M2JjN2M0YzAiOnsiY3JlYXRlIjoxODAwMDAwMDAwMDAwLCJkZWxldGUiOjE4MDAwMDAwMDAwMDAsInJlYWQiOjMwMDAwMDAwMDAwMCwidXBkYXRlIjoxODAwMDAwMDAwMDAwfX0=",
          "dependencies": [
            "azurerm_resource_group.user07-rg",
            "azurerm_subnet.user07-subnet1",
            "azurerm_virtual_network.user07-net"
          ]
        }
      ]
    },
    {
      "mode": "managed",
      "type": "azurerm_network_interface",
      "name": "nic2",
      "provider": "provider[\"registry.terraform.io/hashicorp/azurerm\"]",
      "instances": [
        {
          "schema_version": 0,
          "attributes": {
            "applied_dns_servers": [],
            "dns_servers": [],
            "enable_accelerated_networking": false,
            "enable_ip_forwarding": false,
            "id": "/subscriptions/32771900-7a1d-4ba3-9fda-86ffcadfff49/resourceGroups/user07rg/providers/Microsoft.Network/networkInterfaces/myNIC2",
            "internal_dns_name_label": "",
            "internal_domain_name_suffix": "vrmdfamr5lcebfxsgb25r4qupd.syx.internal.cloudapp.net",
            "ip_configuration": [
              {
                "name": "myNicConfiguration2",
                "primary": true,
                "private_ip_address": "7.0.1.5",
                "private_ip_address_allocation": "Dynamic",
                "private_ip_address_version": "IPv4",
                "public_ip_address_id": "",
                "subnet_id": "/subscriptions/32771900-7a1d-4ba3-9fda-86ffcadfff49/resourceGroups/user07rg/providers/Microsoft.Network/virtualNetworks/user07-vnet/subnets/user07-mysubnet1"
              }
            ],
            "location": "koreacentral",
            "mac_address": "",
            "name": "myNIC2",
            "private_ip_address": "7.0.1.5",
            "private_ip_addresses": [
              "7.0.1.5"
            ],
            "resource_group_name": "user07rg",
            "tags": {
              "environment": "Terraform Demo"
            },
            "timeouts": null,
            "virtual_machine_id": ""
          },
          "sensitive_attributes": [],
          "private": "eyJlMmJmYjczMC1lY2FhLTExZTYtOGY4OC0zNDM2M2JjN2M0YzAiOnsiY3JlYXRlIjoxODAwMDAwMDAwMDAwLCJkZWxldGUiOjE4MDAwMDAwMDAwMDAsInJlYWQiOjMwMDAwMDAwMDAwMCwidXBkYXRlIjoxODAwMDAwMDAwMDAwfX0=",
          "dependencies": [
            "azurerm_resource_group.user07-rg",
            "azurerm_subnet.user07-subnet1",
            "azurerm_virtual_network.user07-net"
          ]
        }
      ]
    },
    {
      "mode": "managed",
      "type": "azurerm_network_interface_backend_address_pool_association",
      "name": "backendPool",
      "provider": "provider[\"registry.terraform.io/hashicorp/azurerm\"]",
      "instances": [
        {
          "schema_version": 0,
          "attributes": {
            "backend_address_pool_id": "/subscriptions/32771900-7a1d-4ba3-9fda-86ffcadfff49/resourceGroups/user07rg/providers/Microsoft.Network/loadBalancers/user07lb/backendAddressPools/user07-BackEndAddressPool",
            "id": "/subscriptions/32771900-7a1d-4ba3-9fda-86ffcadfff49/resourceGroups/user07rg/providers/Microsoft.Network/networkInterfaces/myNIC1/ipConfigurations/myNicConfiguration1|/subscriptions/32771900-7a1d-4ba3-9fda-86ffcadfff49/resourceGroups/user07rg/providers/Microsoft.Network/loadBalancers/user07lb/backendAddressPools/user07-BackEndAddressPool",
            "ip_configuration_name": "myNicConfiguration1",
            "network_interface_id": "/subscriptions/32771900-7a1d-4ba3-9fda-86ffcadfff49/resourceGroups/user07rg/providers/Microsoft.Network/networkInterfaces/myNIC1",
            "timeouts": null
          },
          "sensitive_attributes": [],
          "private": "eyJlMmJmYjczMC1lY2FhLTExZTYtOGY4OC0zNDM2M2JjN2M0YzAiOnsiY3JlYXRlIjoxODAwMDAwMDAwMDAwLCJkZWxldGUiOjE4MDAwMDAwMDAwMDAsInJlYWQiOjMwMDAwMDAwMDAwMCwidXBkYXRlIjoxODAwMDAwMDAwMDAwfX0=",
          "dependencies": [
            "azurerm_public_ip.user07-publicip",
            "azurerm_resource_group.user07-rg",
            "azurerm_subnet.user07-subnet1",
            "azurerm_virtual_network.user07-net",
            "azurerm_lb.user07-lb",
            "azurerm_lb_backend_address_pool.user07-bpepool",
            "azurerm_network_interface.nic1"
          ]
        }
      ]
    },
    {
      "mode": "managed",
      "type": "azurerm_network_interface_backend_address_pool_association",
      "name": "backendPool2",
      "provider": "provider[\"registry.terraform.io/hashicorp/azurerm\"]",
      "instances": [
        {
          "schema_version": 0,
          "attributes": {
            "backend_address_pool_id": "/subscriptions/32771900-7a1d-4ba3-9fda-86ffcadfff49/resourceGroups/user07rg/providers/Microsoft.Network/loadBalancers/user07lb/backendAddressPools/user07-BackEndAddressPool",
            "id": "/subscriptions/32771900-7a1d-4ba3-9fda-86ffcadfff49/resourceGroups/user07rg/providers/Microsoft.Network/networkInterfaces/myNIC2/ipConfigurations/myNicConfiguration2|/subscriptions/32771900-7a1d-4ba3-9fda-86ffcadfff49/resourceGroups/user07rg/providers/Microsoft.Network/loadBalancers/user07lb/backendAddressPools/user07-BackEndAddressPool",
            "ip_configuration_name": "myNicConfiguration2",
            "network_interface_id": "/subscriptions/32771900-7a1d-4ba3-9fda-86ffcadfff49/resourceGroups/user07rg/providers/Microsoft.Network/networkInterfaces/myNIC2",
            "timeouts": null
          },
          "sensitive_attributes": [],
          "private": "eyJlMmJmYjczMC1lY2FhLTExZTYtOGY4OC0zNDM2M2JjN2M0YzAiOnsiY3JlYXRlIjoxODAwMDAwMDAwMDAwLCJkZWxldGUiOjE4MDAwMDAwMDAwMDAsInJlYWQiOjMwMDAwMDAwMDAwMCwidXBkYXRlIjoxODAwMDAwMDAwMDAwfX0=",
          "dependencies": [
            "azurerm_lb.user07-lb",
            "azurerm_lb_backend_address_pool.user07-bpepool",
            "azurerm_network_interface.nic2",
            "azurerm_public_ip.user07-publicip",
            "azurerm_resource_group.user07-rg",
            "azurerm_subnet.user07-subnet1",
            "azurerm_virtual_network.user07-net"
          ]
        }
      ]
    },
    {
      "mode": "managed",
      "type": "azurerm_network_interface_nat_rule_association",
      "name": "natrule1",
      "provider": "provider[\"registry.terraform.io/hashicorp/azurerm\"]",
      "instances": [
        {
          "schema_version": 0,
          "attributes": {
            "id": "/subscriptions/32771900-7a1d-4ba3-9fda-86ffcadfff49/resourceGroups/user07rg/providers/Microsoft.Network/networkInterfaces/myNIC1/ipConfigurations/myNicConfiguration1|/subscriptions/32771900-7a1d-4ba3-9fda-86ffcadfff49/resourceGroups/user07rg/providers/Microsoft.Network/loadBalancers/user07lb/inboundNatRules/web1SSH",
            "ip_configuration_name": "myNicConfiguration1",
            "nat_rule_id": "/subscriptions/32771900-7a1d-4ba3-9fda-86ffcadfff49/resourceGroups/user07rg/providers/Microsoft.Network/loadBalancers/user07lb/inboundNatRules/web1SSH",
            "network_interface_id": "/subscriptions/32771900-7a1d-4ba3-9fda-86ffcadfff49/resourceGroups/user07rg/providers/Microsoft.Network/networkInterfaces/myNIC1",
            "timeouts": null
          },
          "sensitive_attributes": [],
          "private": "eyJlMmJmYjczMC1lY2FhLTExZTYtOGY4OC0zNDM2M2JjN2M0YzAiOnsiY3JlYXRlIjoxODAwMDAwMDAwMDAwLCJkZWxldGUiOjE4MDAwMDAwMDAwMDAsInJlYWQiOjMwMDAwMDAwMDAwMCwidXBkYXRlIjoxODAwMDAwMDAwMDAwfX0=",
          "dependencies": [
            "azurerm_resource_group.user07-rg",
            "azurerm_subnet.user07-subnet1",
            "azurerm_virtual_network.user07-net",
            "azurerm_lb.user07-lb",
            "azurerm_lb_nat_rule.natrule1",
            "azurerm_network_interface.nic1",
            "azurerm_public_ip.user07-publicip"
          ]
        }
      ]
    },
    {
      "mode": "managed",
      "type": "azurerm_network_interface_nat_rule_association",
      "name": "natrule2",
      "provider": "provider[\"registry.terraform.io/hashicorp/azurerm\"]",
      "instances": [
        {
          "schema_version": 0,
          "attributes": {
            "id": "/subscriptions/32771900-7a1d-4ba3-9fda-86ffcadfff49/resourceGroups/user07rg/providers/Microsoft.Network/networkInterfaces/myNIC2/ipConfigurations/myNicConfiguration2|/subscriptions/32771900-7a1d-4ba3-9fda-86ffcadfff49/resourceGroups/user07rg/providers/Microsoft.Network/loadBalancers/user07lb/inboundNatRules/web2SSH",
            "ip_configuration_name": "myNicConfiguration2",
            "nat_rule_id": "/subscriptions/32771900-7a1d-4ba3-9fda-86ffcadfff49/resourceGroups/user07rg/providers/Microsoft.Network/loadBalancers/user07lb/inboundNatRules/web2SSH",
            "network_interface_id": "/subscriptions/32771900-7a1d-4ba3-9fda-86ffcadfff49/resourceGroups/user07rg/providers/Microsoft.Network/networkInterfaces/myNIC2",
            "timeouts": null
          },
          "sensitive_attributes": [],
          "private": "eyJlMmJmYjczMC1lY2FhLTExZTYtOGY4OC0zNDM2M2JjN2M0YzAiOnsiY3JlYXRlIjoxODAwMDAwMDAwMDAwLCJkZWxldGUiOjE4MDAwMDAwMDAwMDAsInJlYWQiOjMwMDAwMDAwMDAwMCwidXBkYXRlIjoxODAwMDAwMDAwMDAwfX0=",
          "dependencies": [
            "azurerm_network_interface.nic2",
            "azurerm_public_ip.user07-publicip",
            "azurerm_resource_group.user07-rg",
            "azurerm_subnet.user07-subnet1",
            "azurerm_virtual_network.user07-net",
            "azurerm_lb.user07-lb",
            "azurerm_lb_nat_rule.natrule2"
          ]
        }
      ]
    },
    {
      "mode": "managed",
      "type": "azurerm_network_interface_security_group_association",
      "name": "nic-nsg-association",
      "provider": "provider[\"registry.terraform.io/hashicorp/azurerm\"]",
      "instances": [
        {
          "schema_version": 0,
          "attributes": {
            "id": "/subscriptions/32771900-7a1d-4ba3-9fda-86ffcadfff49/resourceGroups/user07rg/providers/Microsoft.Network/networkInterfaces/myNIC1|/subscriptions/32771900-7a1d-4ba3-9fda-86ffcadfff49/resourceGroups/user07rg/providers/Microsoft.Network/networkSecurityGroups/myNetworkSecurityGroup",
            "network_interface_id": "/subscriptions/32771900-7a1d-4ba3-9fda-86ffcadfff49/resourceGroups/user07rg/providers/Microsoft.Network/networkInterfaces/myNIC1",
            "network_security_group_id": "/subscriptions/32771900-7a1d-4ba3-9fda-86ffcadfff49/resourceGroups/user07rg/providers/Microsoft.Network/networkSecurityGroups/myNetworkSecurityGroup",
            "timeouts": null
          },
          "sensitive_attributes": [],
          "private": "eyJlMmJmYjczMC1lY2FhLTExZTYtOGY4OC0zNDM2M2JjN2M0YzAiOnsiY3JlYXRlIjoxODAwMDAwMDAwMDAwLCJkZWxldGUiOjE4MDAwMDAwMDAwMDAsInJlYWQiOjMwMDAwMDAwMDAwMCwidXBkYXRlIjoxODAwMDAwMDAwMDAwfX0=",
          "dependencies": [
            "azurerm_resource_group.user07-rg",
            "azurerm_subnet.user07-subnet1",
            "azurerm_virtual_network.user07-net",
            "azurerm_network_interface.nic1",
            "azurerm_network_security_group.mynsg"
          ]
        }
      ]
    },
    {
      "mode": "managed",
      "type": "azurerm_network_interface_security_group_association",
      "name": "nic-nsg-association2",
      "provider": "provider[\"registry.terraform.io/hashicorp/azurerm\"]",
      "instances": [
        {
          "schema_version": 0,
          "attributes": {
            "id": "/subscriptions/32771900-7a1d-4ba3-9fda-86ffcadfff49/resourceGroups/user07rg/providers/Microsoft.Network/networkInterfaces/myNIC2|/subscriptions/32771900-7a1d-4ba3-9fda-86ffcadfff49/resourceGroups/user07rg/providers/Microsoft.Network/networkSecurityGroups/myNetworkSecurityGroup",
            "network_interface_id": "/subscriptions/32771900-7a1d-4ba3-9fda-86ffcadfff49/resourceGroups/user07rg/providers/Microsoft.Network/networkInterfaces/myNIC2",
            "network_security_group_id": "/subscriptions/32771900-7a1d-4ba3-9fda-86ffcadfff49/resourceGroups/user07rg/providers/Microsoft.Network/networkSecurityGroups/myNetworkSecurityGroup",
            "timeouts": null
          },
          "sensitive_attributes": [],
          "private": "eyJlMmJmYjczMC1lY2FhLTExZTYtOGY4OC0zNDM2M2JjN2M0YzAiOnsiY3JlYXRlIjoxODAwMDAwMDAwMDAwLCJkZWxldGUiOjE4MDAwMDAwMDAwMDAsInJlYWQiOjMwMDAwMDAwMDAwMCwidXBkYXRlIjoxODAwMDAwMDAwMDAwfX0=",
          "dependencies": [
            "azurerm_network_security_group.mynsg",
            "azurerm_resource_group.user07-rg",
            "azurerm_subnet.user07-subnet1",
            "azurerm_virtual_network.user07-net",
            "azurerm_network_interface.nic2"
          ]
        }
      ]
    },
    {
      "mode": "managed",
      "type": "azurerm_network_security_group",
      "name": "mynsg",
      "provider": "provider[\"registry.terraform.io/hashicorp/azurerm\"]",
      "instances": [
        {
          "schema_version": 0,
          "attributes": {
            "id": "/subscriptions/32771900-7a1d-4ba3-9fda-86ffcadfff49/resourceGroups/user07rg/providers/Microsoft.Network/networkSecurityGroups/myNetworkSecurityGroup",
            "location": "koreacentral",
            "name": "myNetworkSecurityGroup",
            "resource_group_name": "user07rg",
            "security_rule": [
              {
                "access": "Allow",
                "description": "",
                "destination_address_prefix": "*",
                "destination_address_prefixes": [],
                "destination_application_security_group_ids": [],
                "destination_port_range": "22",
                "destination_port_ranges": [],
                "direction": "Inbound",
                "name": "SSH",
                "priority": 1001,
                "protocol": "Tcp",
                "source_address_prefix": "*",
                "source_address_prefixes": [],
                "source_application_security_group_ids": [],
                "source_port_range": "*",
                "source_port_ranges": []
              },
              {
                "access": "Allow",
                "description": "",
                "destination_address_prefix": "*",
                "destination_address_prefixes": [],
                "destination_application_security_group_ids": [],
                "destination_port_range": "80",
                "destination_port_ranges": [],
                "direction": "Inbound",
                "name": "HTTP",
                "priority": 2001,
                "protocol": "Tcp",
                "source_address_prefix": "*",
                "source_address_prefixes": [],
                "source_application_security_group_ids": [],
                "source_port_range": "*",
                "source_port_ranges": []
              }
            ],
            "tags": {
              "environment": "Terraform Demo"
            },
            "timeouts": null
          },
          "sensitive_attributes": [],
          "private": "eyJlMmJmYjczMC1lY2FhLTExZTYtOGY4OC0zNDM2M2JjN2M0YzAiOnsiY3JlYXRlIjoxODAwMDAwMDAwMDAwLCJkZWxldGUiOjE4MDAwMDAwMDAwMDAsInJlYWQiOjMwMDAwMDAwMDAwMCwidXBkYXRlIjoxODAwMDAwMDAwMDAwfX0=",
          "dependencies": [
            "azurerm_resource_group.user07-rg"
          ]
        }
      ]
    },
    {
      "mode": "managed",
      "type": "azurerm_public_ip",
      "name": "user07-publicip",
      "provider": "provider[\"registry.terraform.io/hashicorp/azurerm\"]",
      "instances": [
        {
          "schema_version": 0,
          "attributes": {
            "allocation_method": "Static",
            "availability_zone": "No-Zone",
            "domain_name_label": "user07rg",
            "fqdn": "user07rg.koreacentral.cloudapp.azure.com",
            "id": "/subscriptions/32771900-7a1d-4ba3-9fda-86ffcadfff49/resourceGroups/user07rg/providers/Microsoft.Network/publicIPAddresses/mypublicIP",
            "idle_timeout_in_minutes": 4,
            "ip_address": "20.196.84.189",
            "ip_tags": {},
            "ip_version": "IPv4",
            "location": "koreacentral",
            "name": "mypublicIP",
            "public_ip_prefix_id": null,
            "resource_group_name": "user07rg",
            "reverse_fqdn": "",
            "sku": "Basic",
            "sku_tier": "Regional",
            "tags": {},
            "timeouts": null,
            "zones": []
          },
          "sensitive_attributes": [],
          "private": "eyJlMmJmYjczMC1lY2FhLTExZTYtOGY4OC0zNDM2M2JjN2M0YzAiOnsiY3JlYXRlIjoxODAwMDAwMDAwMDAwLCJkZWxldGUiOjE4MDAwMDAwMDAwMDAsInJlYWQiOjMwMDAwMDAwMDAwMCwidXBkYXRlIjoxODAwMDAwMDAwMDAwfX0=",
          "dependencies": [
            "azurerm_resource_group.user07-rg"
          ]
        }
      ]
    },
    {
      "mode": "managed",
      "type": "azurerm_resource_group",
      "name": "user07-rg",
      "provider": "provider[\"registry.terraform.io/hashicorp/azurerm\"]",
      "instances": [
        {
          "schema_version": 0,
          "attributes": {
            "id": "/subscriptions/32771900-7a1d-4ba3-9fda-86ffcadfff49/resourceGroups/user07rg",
            "location": "koreacentral",
            "name": "user07rg",
            "tags": {
              "environment": "Terraform Demo"
            },
            "timeouts": null
          },
          "sensitive_attributes": [],
          "private": "eyJlMmJmYjczMC1lY2FhLTExZTYtOGY4OC0zNDM2M2JjN2M0YzAiOnsiY3JlYXRlIjo1NDAwMDAwMDAwMDAwLCJkZWxldGUiOjU0MDAwMDAwMDAwMDAsInJlYWQiOjMwMDAwMDAwMDAwMCwidXBkYXRlIjo1NDAwMDAwMDAwMDAwfX0="
        }
      ]
    },
    {
      "mode": "managed",
      "type": "azurerm_storage_account",
      "name": "mystorageaccount",
      "provider": "provider[\"registry.terraform.io/hashicorp/azurerm\"]",
      "instances": [
        {
          "schema_version": 2,
          "attributes": {
            "access_tier": "Hot",
            "account_kind": "StorageV2",
            "account_replication_type": "LRS",
            "account_tier": "Standard",
            "allow_blob_public_access": false,
            "azure_files_authentication": [],
            "blob_properties": [
              {
                "change_feed_enabled": false,
                "container_delete_retention_policy": [],
                "cors_rule": [],
                "default_service_version": "",
                "delete_retention_policy": [],
                "last_access_time_enabled": false,
                "versioning_enabled": false
              }
            ],
            "custom_domain": [],
            "enable_https_traffic_only": true,
            "id": "/subscriptions/32771900-7a1d-4ba3-9fda-86ffcadfff49/resourceGroups/user07rg/providers/Microsoft.Storage/storageAccounts/user07vm1diagestorage1",
            "identity": [],
            "is_hns_enabled": false,
            "large_file_share_enabled": null,
            "location": "koreacentral",
            "min_tls_version": "TLS1_0",
            "name": "user07vm1diagestorage1",
            "network_rules": [
              {
                "bypass": [
                  "AzureServices"
                ],
                "default_action": "Allow",
                "ip_rules": [],
                "private_link_access": [],
                "virtual_network_subnet_ids": []
              }
            ],
            "nfsv3_enabled": false,
            "primary_access_key": "5LLnBYazUZMwkyDiBzKvFAZPt0IghWaiBJY2Z4JOOkFIMcahT/K4a9imyPdvVNkxAAYxpnqTBTTbxR+zZu7SEQ==",
            "primary_blob_connection_string": "DefaultEndpointsProtocol=https;BlobEndpoint=https://user07vm1diagestorage1.blob.core.windows.net/;AccountName=user07vm1diagestorage1;AccountKey=5LLnBYazUZMwkyDiBzKvFAZPt0IghWaiBJY2Z4JOOkFIMcahT/K4a9imyPdvVNkxAAYxpnqTBTTbxR+zZu7SEQ==",
            "primary_blob_endpoint": "https://user07vm1diagestorage1.blob.core.windows.net/",
            "primary_blob_host": "user07vm1diagestorage1.blob.core.windows.net",
            "primary_connection_string": "DefaultEndpointsProtocol=https;AccountName=user07vm1diagestorage1;AccountKey=5LLnBYazUZMwkyDiBzKvFAZPt0IghWaiBJY2Z4JOOkFIMcahT/K4a9imyPdvVNkxAAYxpnqTBTTbxR+zZu7SEQ==;EndpointSuffix=core.windows.net",
            "primary_dfs_endpoint": "https://user07vm1diagestorage1.dfs.core.windows.net/",
            "primary_dfs_host": "user07vm1diagestorage1.dfs.core.windows.net",
            "primary_file_endpoint": "https://user07vm1diagestorage1.file.core.windows.net/",
            "primary_file_host": "user07vm1diagestorage1.file.core.windows.net",
            "primary_location": "koreacentral",
            "primary_queue_endpoint": "https://user07vm1diagestorage1.queue.core.windows.net/",
            "primary_queue_host": "user07vm1diagestorage1.queue.core.windows.net",
            "primary_table_endpoint": "https://user07vm1diagestorage1.table.core.windows.net/",
            "primary_table_host": "user07vm1diagestorage1.table.core.windows.net",
            "primary_web_endpoint": "https://user07vm1diagestorage1.z12.web.core.windows.net/",
            "primary_web_host": "user07vm1diagestorage1.z12.web.core.windows.net",
            "queue_properties": [
              {
                "cors_rule": [],
                "hour_metrics": [
                  {
                    "enabled": true,
                    "include_apis": true,
                    "retention_policy_days": 7,
                    "version": "1.0"
                  }
                ],
                "logging": [
                  {
                    "delete": false,
                    "read": false,
                    "retention_policy_days": 0,
                    "version": "1.0",
                    "write": false
                  }
                ],
                "minute_metrics": [
                  {
                    "enabled": false,
                    "include_apis": false,
                    "retention_policy_days": 0,
                    "version": "1.0"
                  }
                ]
              }
            ],
            "resource_group_name": "user07rg",
            "routing": [],
            "secondary_access_key": "VRZtTF3wgqK3M4jUc99j4UXS5GPR0vgTdnrxSIF1OtqQJlHMbKZwRlBVB0zbZA4/r9WbJHQmEZEYzuGLv/R9Ag==",
            "secondary_blob_connection_string": "",
            "secondary_blob_endpoint": null,
            "secondary_blob_host": null,
            "secondary_connection_string": "DefaultEndpointsProtocol=https;AccountName=user07vm1diagestorage1;AccountKey=VRZtTF3wgqK3M4jUc99j4UXS5GPR0vgTdnrxSIF1OtqQJlHMbKZwRlBVB0zbZA4/r9WbJHQmEZEYzuGLv/R9Ag==;EndpointSuffix=core.windows.net",
            "secondary_dfs_endpoint": null,
            "secondary_dfs_host": null,
            "secondary_file_endpoint": null,
            "secondary_file_host": null,
            "secondary_location": "",
            "secondary_queue_endpoint": null,
            "secondary_queue_host": null,
            "secondary_table_endpoint": null,
            "secondary_table_host": null,
            "secondary_web_endpoint": null,
            "secondary_web_host": null,
            "share_properties": [
              {
                "cors_rule": [],
                "retention_policy": [
                  {
                    "days": 7
                  }
                ],
                "smb": []
              }
            ],
            "static_website": [],
            "tags": {
              "environment": "Terraform Demo"
            },
            "timeouts": null
          },
          "sensitive_attributes": [],
          "private": "eyJlMmJmYjczMC1lY2FhLTExZTYtOGY4OC0zNDM2M2JjN2M0YzAiOnsiY3JlYXRlIjozNjAwMDAwMDAwMDAwLCJkZWxldGUiOjM2MDAwMDAwMDAwMDAsInJlYWQiOjMwMDAwMDAwMDAwMCwidXBkYXRlIjozNjAwMDAwMDAwMDAwfSwic2NoZW1hX3ZlcnNpb24iOiIyIn0=",
          "dependencies": [
            "azurerm_resource_group.user07-rg"
          ]
        }
      ]
    },
    {
      "mode": "managed",
      "type": "azurerm_subnet",
      "name": "user07-subnet1",
      "provider": "provider[\"registry.terraform.io/hashicorp/azurerm\"]",
      "instances": [
        {
          "schema_version": 0,
          "attributes": {
            "address_prefix": "7.0.1.0/24",
            "address_prefixes": [
              "7.0.1.0/24"
            ],
            "delegation": [],
            "enforce_private_link_endpoint_network_policies": false,
            "enforce_private_link_service_network_policies": false,
            "id": "/subscriptions/32771900-7a1d-4ba3-9fda-86ffcadfff49/resourceGroups/user07rg/providers/Microsoft.Network/virtualNetworks/user07-vnet/subnets/user07-mysubnet1",
            "name": "user07-mysubnet1",
            "resource_group_name": "user07rg",
            "service_endpoint_policy_ids": [],
            "service_endpoints": [],
            "timeouts": null,
            "virtual_network_name": "user07-vnet"
          },
          "sensitive_attributes": [],
          "private": "eyJlMmJmYjczMC1lY2FhLTExZTYtOGY4OC0zNDM2M2JjN2M0YzAiOnsiY3JlYXRlIjoxODAwMDAwMDAwMDAwLCJkZWxldGUiOjE4MDAwMDAwMDAwMDAsInJlYWQiOjMwMDAwMDAwMDAwMCwidXBkYXRlIjoxODAwMDAwMDAwMDAwfX0=",
          "dependencies": [
            "azurerm_resource_group.user07-rg",
            "azurerm_virtual_network.user07-net"
          ]
        }
      ]
    },
    {
      "mode": "managed",
      "type": "azurerm_virtual_machine",
      "name": "web1",
      "provider": "provider[\"registry.terraform.io/hashicorp/azurerm\"]",
      "instances": [
        {
          "schema_version": 0,
          "attributes": {
            "additional_capabilities": [],
            "availability_set_id": "/subscriptions/32771900-7a1d-4ba3-9fda-86ffcadfff49/resourcegroups/user07rg/providers/microsoft.compute/availabilitysets/avset",
            "boot_diagnostics": [
              {
                "enabled": true,
                "storage_uri": "https://user07vm1diagestorage1.blob.core.windows.net/"
              }
            ],
            "delete_data_disks_on_termination": false,
            "delete_os_disk_on_termination": true,
            "id": "/subscriptions/32771900-7a1d-4ba3-9fda-86ffcadfff49/resourceGroups/user07rg/providers/Microsoft.Compute/virtualMachines/user07web1",
            "identity": [],
            "license_type": null,
            "location": "koreacentral",
            "name": "user07web1",
            "network_interface_ids": [
              "/subscriptions/32771900-7a1d-4ba3-9fda-86ffcadfff49/resourceGroups/user07rg/providers/Microsoft.Network/networkInterfaces/myNIC1"
            ],
            "os_profile": [
              {
                "admin_password": "1234rQqwer!@#$",
                "admin_username": "azureuser",
                "computer_name": "user07web1",
                "custom_data": "de524e06af753d89411e42449e796a8504645781"
              }
            ],
            "os_profile_linux_config": [
              {
                "disable_password_authentication": false,
                "ssh_keys": [
                  {
                    "key_data": "ssh-rsa AAAAB3NzaC1yc2EAAAADAQABAAACAQCzKuAM5Xr13RrtVUKnUsEvJJrUHeCHK1wmVXYrH5/nYPQRIIuhKpWlhQUs3oSY1a1mgrF7BZOavG3jqSR7/3nxXosqJiif+Cn7/azqymgASFS5cH/CXHZh6uAnxWY95zMVh9W4SpzDXXJP7zhGyHYpY95upTxQmjaKG1mEMKuN7zeAj/QwrbGVdl+QRzw7YNKGoPlFD6CsiRoLbStZGgEYwzNpf4GfBffPnR9Lao6+Z38f+JAyqLfXP+2Hwr0oOH0qCIoUcLeZpDXhIoe3aoePbYYKu5gCkE2jKgJTCKZwGrVJ3UEIIPhAonTvR5pf8WY3ttc02VevCxEvO4QU4kAabp3O2LygsBMYcKEj8OEhb+cCle2hHkIMVIEWbAsTBrEaYN5ecbzssoiicJy6kjHCybkpOUBSODlwXQuYyGhTgFE0dS/7xLl4J804p8oAq3cDiYaWsghdzY95AfCtC+2D3fqFc9zNjzHTZCH4R1S7+8qjyyqeCCOLFHldhKDB/q3D+o8k09G9v3ExAkbn7g2R2LohXig7sC2nNWsU3Lbb0euSN9yBHt2h5gar2uU43gUc8JalQWecKi0YCq2rOWBdJ7URTtEzR5R00jSy6Pe4BglqwL+tYqoFWHmGY+ELlE5Y85dwesx7vqG8E7PgX0EhQCZkh2f7hr6frTC782lJuw== root@user07vm\n",
                    "path": "/home/azureuser/.ssh/authorized_keys"
                  }
                ]
              }
            ],
            "os_profile_secrets": [],
            "os_profile_windows_config": [],
            "plan": [],
            "primary_network_interface_id": null,
            "proximity_placement_group_id": null,
            "resource_group_name": "user07rg",
            "storage_data_disk": [],
            "storage_image_reference": [
              {
                "id": "",
                "offer": "UbuntuServer",
                "publisher": "Canonical",
                "sku": "16.04.0-LTS",
                "version": "latest"
              }
            ],
            "storage_os_disk": [
              {
                "caching": "ReadWrite",
                "create_option": "FromImage",
                "disk_size_gb": 30,
                "image_uri": "",
                "managed_disk_id": "/subscriptions/32771900-7a1d-4ba3-9fda-86ffcadfff49/resourceGroups/user07rg/providers/Microsoft.Compute/disks/myOsDisk",
                "managed_disk_type": "Premium_LRS",
                "name": "myOsDisk",
                "os_type": "Linux",
                "vhd_uri": "",
                "write_accelerator_enabled": false
              }
            ],
            "tags": {
              "environment": "Terraform Demo"
            },
            "timeouts": null,
            "vm_size": "Standard_DS1_v2",
            "zones": null
          },
          "sensitive_attributes": [],
          "private": "eyJlMmJmYjczMC1lY2FhLTExZTYtOGY4OC0zNDM2M2JjN2M0YzAiOnsiY3JlYXRlIjozNjAwMDAwMDAwMDAwLCJkZWxldGUiOjM2MDAwMDAwMDAwMDAsInJlYWQiOjMwMDAwMDAwMDAwMCwidXBkYXRlIjozNjAwMDAwMDAwMDAwfX0=",
          "dependencies": [
            "azurerm_availability_set.avset",
            "azurerm_network_interface.nic1",
            "azurerm_resource_group.user07-rg",
            "azurerm_storage_account.mystorageaccount"
          ]
        }
      ]
    },
    {
      "mode": "managed",
      "type": "azurerm_virtual_machine",
      "name": "web2",
      "provider": "provider[\"registry.terraform.io/hashicorp/azurerm\"]",
      "instances": [
        {
          "schema_version": 0,
          "attributes": {
            "additional_capabilities": [],
            "availability_set_id": "/subscriptions/32771900-7a1d-4ba3-9fda-86ffcadfff49/resourcegroups/user07rg/providers/microsoft.compute/availabilitysets/avset",
            "boot_diagnostics": [
              {
                "enabled": true,
                "storage_uri": "https://user07vm1diagestorage1.blob.core.windows.net/"
              }
            ],
            "delete_data_disks_on_termination": false,
            "delete_os_disk_on_termination": true,
            "id": "/subscriptions/32771900-7a1d-4ba3-9fda-86ffcadfff49/resourceGroups/user07rg/providers/Microsoft.Compute/virtualMachines/user07web2",
            "identity": [],
            "license_type": null,
            "location": "koreacentral",
            "name": "user07web2",
            "network_interface_ids": [
              "/subscriptions/32771900-7a1d-4ba3-9fda-86ffcadfff49/resourceGroups/user07rg/providers/Microsoft.Network/networkInterfaces/myNIC2"
            ],
            "os_profile": [
              {
                "admin_password": "PassW***",
                "admin_username": "azureuser",
                "computer_name": "user07web2",
                "custom_data": "de524e06af753d89411e42449e796a8504645781"
              }
            ],
            "os_profile_linux_config": [
              {
                "disable_password_authentication": false,
                "ssh_keys": [
                  {
                    "key_data": "ssh-rsa AAAAB3NzaC1yc2EAAAADAQABAAACAQCzKuAM5Xr13RrtVUKnUsEvJJrUHeCHK1wmVXYrH5/nYPQRIIuhKpWlhQUs3oSY1a1mgrF7BZOavG3jqSR7/3nxXosqJiif+Cn7/azqymgASFS5cH/CXHZh6uAnxWY95zMVh9W4SpzDXXJP7zhGyHYpY95upTxQmjaKG1mEMKuN7zeAj/QwrbGVdl+QRzw7YNKGoPlFD6CsiRoLbStZGgEYwzNpf4GfBffPnR9Lao6+Z38f+JAyqLfXP+2Hwr0oOH0qCIoUcLeZpDXhIoe3aoePbYYKu5gCkE2jKgJTCKZwGrVJ3UEIIPhAonTvR5pf8WY3ttc02VevCxEvO4QU4kAabp3O2LygsBMYcKEj8OEhb+cCle2hHkIMVIEWbAsTBrEaYN5ecbzssoiicJy6kjHCybkpOUBSODlwXQuYyGhTgFE0dS/7xLl4J804p8oAq3cDiYaWsghdzY95AfCtC+2D3fqFc9zNjzHTZCH4R1S7+8qjyyqeCCOLFHldhKDB/q3D+o8k09G9v3ExAkbn7g2R2LohXig7sC2nNWsU3Lbb0euSN9yBHt2h5gar2uU43gUc8JalQWecKi0YCq2rOWBdJ7URTtEzR5R00jSy6Pe4BglqwL+tYqoFWHmGY+ELlE5Y85dwesx7vqG8E7PgX0EhQCZkh2f7hr6frTC782lJuw== root@user07vm\n",
                    "path": "/home/azureuser/.ssh/authorized_keys"
                  }
                ]
              }
            ],
            "os_profile_secrets": [],
            "os_profile_windows_config": [],
            "plan": [],
            "primary_network_interface_id": null,
            "proximity_placement_group_id": null,
            "resource_group_name": "user07rg",
            "storage_data_disk": [],
            "storage_image_reference": [
              {
                "id": "",
                "offer": "UbuntuServer",
                "publisher": "Canonical",
                "sku": "16.04.0-LTS",
                "version": "latest"
              }
            ],
            "storage_os_disk": [
              {
                "caching": "ReadWrite",
                "create_option": "FromImage",
                "disk_size_gb": 30,
                "image_uri": "",
                "managed_disk_id": "/subscriptions/32771900-7a1d-4ba3-9fda-86ffcadfff49/resourceGroups/user07rg/providers/Microsoft.Compute/disks/myOsDisk2",
                "managed_disk_type": "Premium_LRS",
                "name": "myOsDisk2",
                "os_type": "Linux",
                "vhd_uri": "",
                "write_accelerator_enabled": false
              }
            ],
            "tags": {
              "environment": "Terraform Demo"
            },
            "timeouts": null,
            "vm_size": "Standard_DS1_v2",
            "zones": null
          },
          "sensitive_attributes": [],
          "private": "eyJlMmJmYjczMC1lY2FhLTExZTYtOGY4OC0zNDM2M2JjN2M0YzAiOnsiY3JlYXRlIjozNjAwMDAwMDAwMDAwLCJkZWxldGUiOjM2MDAwMDAwMDAwMDAsInJlYWQiOjMwMDAwMDAwMDAwMCwidXBkYXRlIjozNjAwMDAwMDAwMDAwfX0=",
          "dependencies": [
            "azurerm_availability_set.avset",
            "azurerm_network_interface.nic2",
            "azurerm_resource_group.user07-rg",
            "azurerm_storage_account.mystorageaccount"
          ]
        }
      ]
    },
    {
      "mode": "managed",
      "type": "azurerm_virtual_network",
      "name": "user07-net",
      "provider": "provider[\"registry.terraform.io/hashicorp/azurerm\"]",
      "instances": [
        {
          "schema_version": 0,
          "attributes": {
            "address_space": [
              "7.0.0.0/16"
            ],
            "bgp_community": "",
            "ddos_protection_plan": [],
            "dns_servers": [],
            "guid": "813258ac-fa91-40c4-96f2-3079f8fa147b",
            "id": "/subscriptions/32771900-7a1d-4ba3-9fda-86ffcadfff49/resourceGroups/user07rg/providers/Microsoft.Network/virtualNetworks/user07-vnet",
            "location": "koreacentral",
            "name": "user07-vnet",
            "resource_group_name": "user07rg",
            "subnet": [
              {
                "address_prefix": "7.0.1.0/24",
                "id": "/subscriptions/32771900-7a1d-4ba3-9fda-86ffcadfff49/resourceGroups/user07rg/providers/Microsoft.Network/virtualNetworks/user07-vnet/subnets/user07-mysubnet1",
                "name": "user07-mysubnet1",
                "security_group": ""
              }
            ],
            "tags": {},
            "timeouts": null,
            "vm_protection_enabled": false
          },
          "sensitive_attributes": [],
          "private": "eyJlMmJmYjczMC1lY2FhLTExZTYtOGY4OC0zNDM2M2JjN2M0YzAiOnsiY3JlYXRlIjoxODAwMDAwMDAwMDAwLCJkZWxldGUiOjE4MDAwMDAwMDAwMDAsInJlYWQiOjMwMDAwMDAwMDAwMCwidXBkYXRlIjoxODAwMDAwMDAwMDAwfX0=",
          "dependencies": [
            "azurerm_resource_group.user07-rg"
          ]
        }
      ]
    }
  ]
}
