{
  "version": 4,
  "terraform_version": "1.0.4",
  "serial": 21,
  "lineage": "2102845e-0e40-8043-869d-0d46573600fa",
  "outputs": {},
  "resources": [
    {
      "mode": "managed",
      "type": "azurerm_availability_set",
      "name": "avset",
      "provider": "provider[\"registry.terraform.io/hashicorp/azurerm\"]",
      "instances": [
        {
          "schema_version": 0,
          "attributes": {
            "id": "/subscriptions/32771900-7a1d-4ba3-9fda-86ffcadfff49/resourceGroups/user07rg/providers/Microsoft.Compute/availabilitySets/avset",
            "location": "koreacentral",
            "managed": true,
            "name": "avset",
            "platform_fault_domain_count": 2,
            "platform_update_domain_count": 2,
            "proximity_placement_group_id": null,
            "resource_group_name": "user07rg",
            "tags": null,
            "timeouts": null
          },
          "sensitive_attributes": [],
          "private": "eyJlMmJmYjczMC1lY2FhLTExZTYtOGY4OC0zNDM2M2JjN2M0YzAiOnsiY3JlYXRlIjoxODAwMDAwMDAwMDAwLCJkZWxldGUiOjE4MDAwMDAwMDAwMDAsInJlYWQiOjMwMDAwMDAwMDAwMCwidXBkYXRlIjoxODAwMDAwMDAwMDAwfX0=",
          "dependencies": [
            "azurerm_resource_group.user07-rg"
          ]
        }
      ]
    },
    {
      "mode": "managed",
      "type": "azurerm_lb",
      "name": "user07-lb",
      "provider": "provider[\"registry.terraform.io/hashicorp/azurerm\"]",
      "instances": [
        {
          "schema_version": 0,
          "attributes": {
            "frontend_ip_configuration": [
              {
                "availability_zone": "No-Zone",
                "id": "/subscriptions/32771900-7a1d-4ba3-9fda-86ffcadfff49/resourceGroups/user07rg/providers/Microsoft.Network/loadBalancers/user07lb/frontendIPConfigurations/user07PublicIPAddress",
                "inbound_nat_rules": [],
                "load_balancer_rules": [],
                "name": "user07PublicIPAddress",
                "outbound_rules": [],
                "private_ip_address": "",
                "private_ip_address_allocation": "Dynamic",
                "private_ip_address_version": "",
                "public_ip_address_id": "/subscriptions/32771900-7a1d-4ba3-9fda-86ffcadfff49/resourceGroups/user07rg/providers/Microsoft.Network/publicIPAddresses/mypublicIP",
                "public_ip_prefix_id": "",
                "subnet_id": "",
                "zones": []
              }
            ],
            "id": "/subscriptions/32771900-7a1d-4ba3-9fda-86ffcadfff49/resourceGroups/user07rg/providers/Microsoft.Network/loadBalancers/user07lb",
            "location": "koreacentral",
            "name": "user07lb",
            "private_ip_address": "",
            "private_ip_addresses": [],
            "resource_group_name": "user07rg",
            "sku": "Basic",
            "tags": null,
            "timeouts": null
          },
          "sensitive_attributes": [],
          "private": "eyJlMmJmYjczMC1lY2FhLTExZTYtOGY4OC0zNDM2M2JjN2M0YzAiOnsiY3JlYXRlIjoxODAwMDAwMDAwMDAwLCJkZWxldGUiOjE4MDAwMDAwMDAwMDAsInJlYWQiOjMwMDAwMDAwMDAwMCwidXBkYXRlIjoxODAwMDAwMDAwMDAwfX0=",
          "dependencies": [
            "azurerm_public_ip.user07-publicip",
            "azurerm_resource_group.user07-rg"
          ]
        }
      ]
    },
    {
      "mode": "managed",
      "type": "azurerm_lb_backend_address_pool",
      "name": "user07-bpepool",
      "provider": "provider[\"registry.terraform.io/hashicorp/azurerm\"]",
      "instances": [
        {
          "schema_version": 0,
          "attributes": {
            "backend_address": [],
            "backend_ip_configurations": [],
            "id": "/subscriptions/32771900-7a1d-4ba3-9fda-86ffcadfff49/resourceGroups/user07rg/providers/Microsoft.Network/loadBalancers/user07lb/backendAddressPools/user07-BackEndAddressPool",
            "load_balancing_rules": [],
            "loadbalancer_id": "/subscriptions/32771900-7a1d-4ba3-9fda-86ffcadfff49/resourceGroups/user07rg/providers/Microsoft.Network/loadBalancers/user07lb",
            "name": "user07-BackEndAddressPool",
            "outbound_rules": [],
            "resource_group_name": "user07rg",
            "timeouts": null
          },
          "sensitive_attributes": [],
          "private": "eyJlMmJmYjczMC1lY2FhLTExZTYtOGY4OC0zNDM2M2JjN2M0YzAiOnsiY3JlYXRlIjoxODAwMDAwMDAwMDAwLCJkZWxldGUiOjE4MDAwMDAwMDAwMDAsInJlYWQiOjMwMDAwMDAwMDAwMCwidXBkYXRlIjoxODAwMDAwMDAwMDAwfX0=",
          "dependencies": [
            "azurerm_lb.user07-lb",
            "azurerm_public_ip.user07-publicip",
            "azurerm_resource_group.user07-rg"
          ]
        }
      ]
    },
    {
      "mode": "managed",
      "type": "azurerm_lb_nat_rule",
      "name": "natrule1",
      "provider": "provider[\"registry.terraform.io/hashicorp/azurerm\"]",
      "instances": [
        {
          "schema_version": 0,
          "attributes": {
            "backend_ip_configuration_id": "",
            "backend_port": 22,
            "enable_floating_ip": false,
            "enable_tcp_reset": false,
            "frontend_ip_configuration_id": "/subscriptions/32771900-7a1d-4ba3-9fda-86ffcadfff49/resourceGroups/user07rg/providers/Microsoft.Network/loadBalancers/user07lb/frontendIPConfigurations/user07PublicIPAddress",
            "frontend_ip_configuration_name": "user07PublicIPAddress",
            "frontend_port": 50001,
            "id": "/subscriptions/32771900-7a1d-4ba3-9fda-86ffcadfff49/resourceGroups/user07rg/providers/Microsoft.Network/loadBalancers/user07lb/inboundNatRules/web1SSH",
            "idle_timeout_in_minutes": 4,
            "loadbalancer_id": "/subscriptions/32771900-7a1d-4ba3-9fda-86ffcadfff49/resourceGroups/user07rg/providers/Microsoft.Network/loadBalancers/user07lb",
            "name": "web1SSH",
            "protocol": "Tcp",
            "resource_group_name": "user07rg",
            "timeouts": null
          },
          "sensitive_attributes": [],
          "private": "eyJlMmJmYjczMC1lY2FhLTExZTYtOGY4OC0zNDM2M2JjN2M0YzAiOnsiY3JlYXRlIjoxODAwMDAwMDAwMDAwLCJkZWxldGUiOjE4MDAwMDAwMDAwMDAsInJlYWQiOjMwMDAwMDAwMDAwMCwidXBkYXRlIjoxODAwMDAwMDAwMDAwfX0=",
          "dependencies": [
            "azurerm_lb.user07-lb",
            "azurerm_public_ip.user07-publicip",
            "azurerm_resource_group.user07-rg"
          ]
        }
      ]
    },
    {
      "mode": "managed",
      "type": "azurerm_lb_nat_rule",
      "name": "natrule2",
      "provider": "provider[\"registry.terraform.io/hashicorp/azurerm\"]",
      "instances": [
        {
          "schema_version": 0,
          "attributes": {
            "backend_ip_configuration_id": "",
            "backend_port": 22,
            "enable_floating_ip": false,
            "enable_tcp_reset": false,
            "frontend_ip_configuration_id": "/subscriptions/32771900-7a1d-4ba3-9fda-86ffcadfff49/resourceGroups/user07rg/providers/Microsoft.Network/loadBalancers/user07lb/frontendIPConfigurations/user07PublicIPAddress",
            "frontend_ip_configuration_name": "user07PublicIPAddress",
            "frontend_port": 50002,
            "id": "/subscriptions/32771900-7a1d-4ba3-9fda-86ffcadfff49/resourceGroups/user07rg/providers/Microsoft.Network/loadBalancers/user07lb/inboundNatRules/web2SSH",
            "idle_timeout_in_minutes": 4,
            "loadbalancer_id": "/subscriptions/32771900-7a1d-4ba3-9fda-86ffcadfff49/resourceGroups/user07rg/providers/Microsoft.Network/loadBalancers/user07lb",
            "name": "web2SSH",
            "protocol": "Tcp",
            "resource_group_name": "user07rg",
            "timeouts": null
          },
          "sensitive_attributes": [],
          "private": "eyJlMmJmYjczMC1lY2FhLTExZTYtOGY4OC0zNDM2M2JjN2M0YzAiOnsiY3JlYXRlIjoxODAwMDAwMDAwMDAwLCJkZWxldGUiOjE4MDAwMDAwMDAwMDAsInJlYWQiOjMwMDAwMDAwMDAwMCwidXBkYXRlIjoxODAwMDAwMDAwMDAwfX0=",
          "dependencies": [
            "azurerm_lb.user07-lb",
            "azurerm_public_ip.user07-publicip",
            "azurerm_resource_group.user07-rg"
          ]
        }
      ]
    },
    {
      "mode": "managed",
      "type": "azurerm_lb_probe",
      "name": "user07-lb-probe",
      "provider": "provider[\"registry.terraform.io/hashicorp/azurerm\"]",
      "instances": [
        {
          "schema_version": 0,
          "attributes": {
            "id": "/subscriptions/32771900-7a1d-4ba3-9fda-86ffcadfff49/resourceGroups/user07rg/providers/Microsoft.Network/loadBalancers/user07lb/probes/http-probe",
            "interval_in_seconds": 15,
            "load_balancer_rules": [],
            "loadbalancer_id": "/subscriptions/32771900-7a1d-4ba3-9fda-86ffcadfff49/resourceGroups/user07rg/providers/Microsoft.Network/loadBalancers/user07lb",
            "name": "http-probe",
            "number_of_probes": 2,
            "port": 80,
            "protocol": "Http",
            "request_path": "/",
            "resource_group_name": "user07rg",
            "timeouts": null
          },
          "sensitive_attributes": [],
          "private": "eyJlMmJmYjczMC1lY2FhLTExZTYtOGY4OC0zNDM2M2JjN2M0YzAiOnsiY3JlYXRlIjoxODAwMDAwMDAwMDAwLCJkZWxldGUiOjE4MDAwMDAwMDAwMDAsInJlYWQiOjMwMDAwMDAwMDAwMCwidXBkYXRlIjoxODAwMDAwMDAwMDAwfX0=",
          "dependencies": [
            "azurerm_lb.user07-lb",
            "azurerm_public_ip.user07-publicip",
            "azurerm_resource_group.user07-rg"
          ]
        }
      ]
    },
    {
      "mode": "managed",
      "type": "azurerm_lb_rule",
      "name": "lbrule",
      "provider": "provider[\"registry.terraform.io/hashicorp/azurerm\"]",
      "instances": [
        {
          "schema_version": 0,
          "attributes": {
            "backend_address_pool_id": "/subscriptions/32771900-7a1d-4ba3-9fda-86ffcadfff49/resourceGroups/user07rg/providers/Microsoft.Network/loadBalancers/user07lb/backendAddressPools/user07-BackEndAddressPool",
            "backend_port": 80,
            "disable_outbound_snat": false,
            "enable_floating_ip": false,
            "enable_tcp_reset": false,
            "frontend_ip_configuration_id": "/subscriptions/32771900-7a1d-4ba3-9fda-86ffcadfff49/resourceGroups/user07rg/providers/Microsoft.Network/loadBalancers/user07lb/frontendIPConfigurations/user07PublicIPAddress",
            "frontend_ip_configuration_name": "user07PublicIPAddress",
            "frontend_port": 80,
            "id": "/subscriptions/32771900-7a1d-4ba3-9fda-86ffcadfff49/resourceGroups/user07rg/providers/Microsoft.Network/loadBalancers/user07lb/loadBalancingRules/http",
            "idle_timeout_in_minutes": 4,
            "load_distribution": "Default",
            "loadbalancer_id": "/subscriptions/32771900-7a1d-4ba3-9fda-86ffcadfff49/resourceGroups/user07rg/providers/Microsoft.Network/loadBalancers/user07lb",
            "name": "http",
            "probe_id": "/subscriptions/32771900-7a1d-4ba3-9fda-86ffcadfff49/resourceGroups/user07rg/providers/Microsoft.Network/loadBalancers/user07lb/probes/http-probe",
            "protocol": "Tcp",
            "resource_group_name": "user07rg",
            "timeouts": null
          },
          "sensitive_attributes": [],
          "private": "eyJlMmJmYjczMC1lY2FhLTExZTYtOGY4OC0zNDM2M2JjN2M0YzAiOnsiY3JlYXRlIjoxODAwMDAwMDAwMDAwLCJkZWxldGUiOjE4MDAwMDAwMDAwMDAsInJlYWQiOjMwMDAwMDAwMDAwMCwidXBkYXRlIjoxODAwMDAwMDAwMDAwfX0=",
          "dependencies": [
            "azurerm_lb.user07-lb",
            "azurerm_lb_backend_address_pool.user07-bpepool",
            "azurerm_lb_probe.user07-lb-probe",
            "azurerm_public_ip.user07-publicip",
            "azurerm_resource_group.user07-rg"
          ]
        }
      ]
    },
    {
      "mode": "managed",
      "type": "azurerm_network_interface",
      "name": "nic1",
      "provider": "provider[\"registry.terraform.io/hashicorp/azurerm\"]",
      "instances": [
        {
          "schema_version": 0,
          "attributes": {
            "applied_dns_servers": [],
            "dns_servers": [],
            "enable_accelerated_networking": false,
            "enable_ip_forwarding": false,
            "id": "/subscriptions/32771900-7a1d-4ba3-9fda-86ffcadfff49/resourceGroups/user07rg/providers/Microsoft.Network/networkInterfaces/myNIC1",
            "internal_dns_name_label": "",
            "internal_domain_name_suffix": "vrmdfamr5lcebfxsgb25r4qupd.syx.internal.cloudapp.net",
            "ip_configuration": [
              {
                "name": "myNicConfiguration1",
                "primary": true,
                "private_ip_address": "7.0.1.4",
                "private_ip_address_allocation": "Dynamic",
                "private_ip_address_version": "IPv4",
                "public_ip_address_id": "",
                "subnet_id": "/subscriptions/32771900-7a1d-4ba3-9fda-86ffcadfff49/resourceGroups/user07rg/providers/Microsoft.Network/virtualNetworks/user07-vnet/subnets/user07-mysubnet1"
              }
            ],
            "location": "koreacentral",
            "mac_address": "",
            "name": "myNIC1",
            "private_ip_address": "7.0.1.4",
            "private_ip_addresses": [
              "7.0.1.4"
            ],
            "resource_group_name": "user07rg",
            "tags": {
              "environment": "Terraform Demo"
            },
            "timeouts": null,
            "virtual_machine_id": ""
          },
          "sensitive_attributes": [],
          "private": "eyJlMmJmYjczMC1lY2FhLTExZTYtOGY4OC0zNDM2M2JjN2M0YzAiOnsiY3JlYXRlIjoxODAwMDAwMDAwMDAwLCJkZWxldGUiOjE4MDAwMDAwMDAwMDAsInJlYWQiOjMwMDAwMDAwMDAwMCwidXBkYXRlIjoxODAwMDAwMDAwMDAwfX0=",
          "dependencies": [
            "azurerm_resource_group.user07-rg",
            "azurerm_subnet.user07-subnet1",
            "azurerm_virtual_network.user07-net"
          ]
        }
      ]
    },
    {
      "mode": "managed",
      "type": "azurerm_network_interface",
      "name": "nic2",
      "provider": "provider[\"registry.terraform.io/hashicorp/azurerm\"]",
      "instances": [
        {
          "schema_version": 0,
          "attributes": {
            "applied_dns_servers": [],
            "dns_servers": [],
            "enable_accelerated_networking": false,
            "enable_ip_forwarding": false,
            "id": "/subscriptions/32771900-7a1d-4ba3-9fda-86ffcadfff49/resourceGroups/user07rg/providers/Microsoft.Network/networkInterfaces/myNIC2",
            "internal_dns_name_label": "",
            "internal_domain_name_suffix": "vrmdfamr5lcebfxsgb25r4qupd.syx.internal.cloudapp.net",
            "ip_configuration": [
              {
                "name": "myNicConfiguration2",
                "primary": true,
                "private_ip_address": "7.0.1.5",
                "private_ip_address_allocation": "Dynamic",
                "private_ip_address_version": "IPv4",
                "public_ip_address_id": "",
                "subnet_id": "/subscriptions/32771900-7a1d-4ba3-9fda-86ffcadfff49/resourceGroups/user07rg/providers/Microsoft.Network/virtualNetworks/user07-vnet/subnets/user07-mysubnet1"
              }
            ],
            "location": "koreacentral",
            "mac_address": "",
            "name": "myNIC2",
            "private_ip_address": "7.0.1.5",
            "private_ip_addresses": [
              "7.0.1.5"
            ],
            "resource_group_name": "user07rg",
            "tags": {
              "environment": "Terraform Demo"
            },
            "timeouts": null,
            "virtual_machine_id": ""
          },
          "sensitive_attributes": [],
          "private": "eyJlMmJmYjczMC1lY2FhLTExZTYtOGY4OC0zNDM2M2JjN2M0YzAiOnsiY3JlYXRlIjoxODAwMDAwMDAwMDAwLCJkZWxldGUiOjE4MDAwMDAwMDAwMDAsInJlYWQiOjMwMDAwMDAwMDAwMCwidXBkYXRlIjoxODAwMDAwMDAwMDAwfX0=",
          "dependencies": [
            "azurerm_resource_group.user07-rg",
            "azurerm_subnet.user07-subnet1",
            "azurerm_virtual_network.user07-net"
          ]
        }
      ]
    },
    {
      "mode": "managed",
      "type": "azurerm_network_interface_backend_address_pool_association",
      "name": "backendPool",
      "provider": "provider[\"registry.terraform.io/hashicorp/azurerm\"]",
      "instances": [
        {
          "schema_version": 0,
          "attributes": {
            "backend_address_pool_id": "/subscriptions/32771900-7a1d-4ba3-9fda-86ffcadfff49/resourceGroups/user07rg/providers/Microsoft.Network/loadBalancers/user07lb/backendAddressPools/user07-BackEndAddressPool",
            "id": "/subscriptions/32771900-7a1d-4ba3-9fda-86ffcadfff49/resourceGroups/user07rg/providers/Microsoft.Network/networkInterfaces/myNIC1/ipConfigurations/myNicConfiguration1|/subscriptions/32771900-7a1d-4ba3-9fda-86ffcadfff49/resourceGroups/user07rg/providers/Microsoft.Network/loadBalancers/user07lb/backendAddressPools/user07-BackEndAddressPool",
            "ip_configuration_name": "myNicConfiguration1",
            "network_interface_id": "/subscriptions/32771900-7a1d-4ba3-9fda-86ffcadfff49/resourceGroups/user07rg/providers/Microsoft.Network/networkInterfaces/myNIC1",
            "timeouts": null
          },
          "sensitive_attributes": [],
          "private": "eyJlMmJmYjczMC1lY2FhLTExZTYtOGY4OC0zNDM2M2JjN2M0YzAiOnsiY3JlYXRlIjoxODAwMDAwMDAwMDAwLCJkZWxldGUiOjE4MDAwMDAwMDAwMDAsInJlYWQiOjMwMDAwMDAwMDAwMCwidXBkYXRlIjoxODAwMDAwMDAwMDAwfX0=",
          "dependencies": [
            "azurerm_lb.user07-lb",
            "azurerm_lb_backend_address_pool.user07-bpepool",
            "azurerm_network_interface.nic1",
            "azurerm_public_ip.user07-publicip",
            "azurerm_resource_group.user07-rg",
            "azurerm_subnet.user07-subnet1",
            "azurerm_virtual_network.user07-net"
          ]
        }
      ]
    },
    {
      "mode": "managed",
      "type": "azurerm_network_interface_backend_address_pool_association",
      "name": "backendPool2",
      "provider": "provider[\"registry.terraform.io/hashicorp/azurerm\"]",
      "instances": [
        {
          "schema_version": 0,
          "attributes": {
            "backend_address_pool_id": "/subscriptions/32771900-7a1d-4ba3-9fda-86ffcadfff49/resourceGroups/user07rg/providers/Microsoft.Network/loadBalancers/user07lb/backendAddressPools/user07-BackEndAddressPool",
            "id": "/subscriptions/32771900-7a1d-4ba3-9fda-86ffcadfff49/resourceGroups/user07rg/providers/Microsoft.Network/networkInterfaces/myNIC2/ipConfigurations/myNicConfiguration2|/subscriptions/32771900-7a1d-4ba3-9fda-86ffcadfff49/resourceGroups/user07rg/providers/Microsoft.Network/loadBalancers/user07lb/backendAddressPools/user07-BackEndAddressPool",
            "ip_configuration_name": "myNicConfiguration2",
            "network_interface_id": "/subscriptions/32771900-7a1d-4ba3-9fda-86ffcadfff49/resourceGroups/user07rg/providers/Microsoft.Network/networkInterfaces/myNIC2",
            "timeouts": null
          },
          "sensitive_attributes": [],
          "private": "eyJlMmJmYjczMC1lY2FhLTExZTYtOGY4OC0zNDM2M2JjN2M0YzAiOnsiY3JlYXRlIjoxODAwMDAwMDAwMDAwLCJkZWxldGUiOjE4MDAwMDAwMDAwMDAsInJlYWQiOjMwMDAwMDAwMDAwMCwidXBkYXRlIjoxODAwMDAwMDAwMDAwfX0=",
          "dependencies": [
            "azurerm_lb.user07-lb",
            "azurerm_lb_backend_address_pool.user07-bpepool",
            "azurerm_network_interface.nic2",
            "azurerm_public_ip.user07-publicip",
            "azurerm_resource_group.user07-rg",
            "azurerm_subnet.user07-subnet1",
            "azurerm_virtual_network.user07-net"
          ]
        }
      ]
    },
    {
      "mode": "managed",
      "type": "azurerm_network_interface_nat_rule_association",
      "name": "natrule1",
      "provider": "provider[\"registry.terraform.io/hashicorp/azurerm\"]",
      "instances": [
        {
          "schema_version": 0,
          "attributes": {
            "id": "/subscriptions/32771900-7a1d-4ba3-9fda-86ffcadfff49/resourceGroups/user07rg/providers/Microsoft.Network/networkInterfaces/myNIC1/ipConfigurations/myNicConfiguration1|/subscriptions/32771900-7a1d-4ba3-9fda-86ffcadfff49/resourceGroups/user07rg/providers/Microsoft.Network/loadBalancers/user07lb/inboundNatRules/web1SSH",
            "ip_configuration_name": "myNicConfiguration1",
            "nat_rule_id": "/subscriptions/32771900-7a1d-4ba3-9fda-86ffcadfff49/resourceGroups/user07rg/providers/Microsoft.Network/loadBalancers/user07lb/inboundNatRules/web1SSH",
            "network_interface_id": "/subscriptions/32771900-7a1d-4ba3-9fda-86ffcadfff49/resourceGroups/user07rg/providers/Microsoft.Network/networkInterfaces/myNIC1",
            "timeouts": null
          },
          "sensitive_attributes": [],
          "private": "eyJlMmJmYjczMC1lY2FhLTExZTYtOGY4OC0zNDM2M2JjN2M0YzAiOnsiY3JlYXRlIjoxODAwMDAwMDAwMDAwLCJkZWxldGUiOjE4MDAwMDAwMDAwMDAsInJlYWQiOjMwMDAwMDAwMDAwMCwidXBkYXRlIjoxODAwMDAwMDAwMDAwfX0=",
          "dependencies": [
            "azurerm_lb.user07-lb",
            "azurerm_lb_nat_rule.natrule1",
            "azurerm_network_interface.nic1",
            "azurerm_public_ip.user07-publicip",
            "azurerm_resource_group.user07-rg",
            "azurerm_subnet.user07-subnet1",
            "azurerm_virtual_network.user07-net"
          ]
        }
      ]
    },
    {
      "mode": "managed",
      "type": "azurerm_network_interface_nat_rule_association",
      "name": "natrule2",
      "provider": "provider[\"registry.terraform.io/hashicorp/azurerm\"]",
      "instances": [
        {
          "schema_version": 0,
          "attributes": {
            "id": "/subscriptions/32771900-7a1d-4ba3-9fda-86ffcadfff49/resourceGroups/user07rg/providers/Microsoft.Network/networkInterfaces/myNIC2/ipConfigurations/myNicConfiguration2|/subscriptions/32771900-7a1d-4ba3-9fda-86ffcadfff49/resourceGroups/user07rg/providers/Microsoft.Network/loadBalancers/user07lb/inboundNatRules/web2SSH",
            "ip_configuration_name": "myNicConfiguration2",
            "nat_rule_id": "/subscriptions/32771900-7a1d-4ba3-9fda-86ffcadfff49/resourceGroups/user07rg/providers/Microsoft.Network/loadBalancers/user07lb/inboundNatRules/web2SSH",
            "network_interface_id": "/subscriptions/32771900-7a1d-4ba3-9fda-86ffcadfff49/resourceGroups/user07rg/providers/Microsoft.Network/networkInterfaces/myNIC2",
            "timeouts": null
          },
          "sensitive_attributes": [],
          "private": "eyJlMmJmYjczMC1lY2FhLTExZTYtOGY4OC0zNDM2M2JjN2M0YzAiOnsiY3JlYXRlIjoxODAwMDAwMDAwMDAwLCJkZWxldGUiOjE4MDAwMDAwMDAwMDAsInJlYWQiOjMwMDAwMDAwMDAwMCwidXBkYXRlIjoxODAwMDAwMDAwMDAwfX0=",
          "dependencies": [
            "azurerm_lb.user07-lb",
            "azurerm_lb_nat_rule.natrule2",
            "azurerm_network_interface.nic2",
            "azurerm_public_ip.user07-publicip",
            "azurerm_resource_group.user07-rg",
            "azurerm_subnet.user07-subnet1",
            "azurerm_virtual_network.user07-net"
          ]
        }
      ]
    },
    {
      "mode": "managed",
      "type": "azurerm_network_interface_security_group_association",
      "name": "nic-nsg-association",
      "provider": "provider[\"registry.terraform.io/hashicorp/azurerm\"]",
      "instances": [
        {
          "schema_version": 0,
          "attributes": {
            "id": "/subscriptions/32771900-7a1d-4ba3-9fda-86ffcadfff49/resourceGroups/user07rg/providers/Microsoft.Network/networkInterfaces/myNIC1|/subscriptions/32771900-7a1d-4ba3-9fda-86ffcadfff49/resourceGroups/user07rg/providers/Microsoft.Network/networkSecurityGroups/myNetworkSecurityGroup",
            "network_interface_id": "/subscriptions/32771900-7a1d-4ba3-9fda-86ffcadfff49/resourceGroups/user07rg/providers/Microsoft.Network/networkInterfaces/myNIC1",
            "network_security_group_id": "/subscriptions/32771900-7a1d-4ba3-9fda-86ffcadfff49/resourceGroups/user07rg/providers/Microsoft.Network/networkSecurityGroups/myNetworkSecurityGroup",
            "timeouts": null
          },
          "sensitive_attributes": [],
          "private": "eyJlMmJmYjczMC1lY2FhLTExZTYtOGY4OC0zNDM2M2JjN2M0YzAiOnsiY3JlYXRlIjoxODAwMDAwMDAwMDAwLCJkZWxldGUiOjE4MDAwMDAwMDAwMDAsInJlYWQiOjMwMDAwMDAwMDAwMCwidXBkYXRlIjoxODAwMDAwMDAwMDAwfX0=",
          "dependencies": [
            "azurerm_network_interface.nic1",
            "azurerm_network_security_group.mynsg",
            "azurerm_resource_group.user07-rg",
            "azurerm_subnet.user07-subnet1",
            "azurerm_virtual_network.user07-net"
          ]
        }
      ]
    },
    {
      "mode": "managed",
      "type": "azurerm_network_interface_security_group_association",
      "name": "nic-nsg-association2",
      "provider": "provider[\"registry.terraform.io/hashicorp/azurerm\"]",
      "instances": [
        {
          "schema_version": 0,
          "attributes": {
            "id": "/subscriptions/32771900-7a1d-4ba3-9fda-86ffcadfff49/resourceGroups/user07rg/providers/Microsoft.Network/networkInterfaces/myNIC2|/subscriptions/32771900-7a1d-4ba3-9fda-86ffcadfff49/resourceGroups/user07rg/providers/Microsoft.Network/networkSecurityGroups/myNetworkSecurityGroup",
            "network_interface_id": "/subscriptions/32771900-7a1d-4ba3-9fda-86ffcadfff49/resourceGroups/user07rg/providers/Microsoft.Network/networkInterfaces/myNIC2",
            "network_security_group_id": "/subscriptions/32771900-7a1d-4ba3-9fda-86ffcadfff49/resourceGroups/user07rg/providers/Microsoft.Network/networkSecurityGroups/myNetworkSecurityGroup",
            "timeouts": null
          },
          "sensitive_attributes": [],
          "private": "eyJlMmJmYjczMC1lY2FhLTExZTYtOGY4OC0zNDM2M2JjN2M0YzAiOnsiY3JlYXRlIjoxODAwMDAwMDAwMDAwLCJkZWxldGUiOjE4MDAwMDAwMDAwMDAsInJlYWQiOjMwMDAwMDAwMDAwMCwidXBkYXRlIjoxODAwMDAwMDAwMDAwfX0=",
          "dependencies": [
            "azurerm_network_interface.nic2",
            "azurerm_network_security_group.mynsg",
            "azurerm_resource_group.user07-rg",
            "azurerm_subnet.user07-subnet1",
            "azurerm_virtual_network.user07-net"
          ]
        }
      ]
    },
    {
      "mode": "managed",
      "type": "azurerm_network_security_group",
      "name": "mynsg",
      "provider": "provider[\"registry.terraform.io/hashicorp/azurerm\"]",
      "instances": [
        {
          "schema_version": 0,
          "attributes": {
            "id": "/subscriptions/32771900-7a1d-4ba3-9fda-86ffcadfff49/resourceGroups/user07rg/providers/Microsoft.Network/networkSecurityGroups/myNetworkSecurityGroup",
            "location": "koreacentral",
            "name": "myNetworkSecurityGroup",
            "resource_group_name": "user07rg",
            "security_rule": [
              {
                "access": "Allow",
                "description": "",
                "destination_address_prefix": "*",
                "destination_address_prefixes": [],
                "destination_application_security_group_ids": [],
                "destination_port_range": "22",
                "destination_port_ranges": [],
                "direction": "Inbound",
                "name": "SSH",
                "priority": 1001,
                "protocol": "Tcp",
                "source_address_prefix": "*",
                "source_address_prefixes": [],
                "source_application_security_group_ids": [],
                "source_port_range": "*",
                "source_port_ranges": []
              },
              {
                "access": "Allow",
                "description": "",
                "destination_address_prefix": "*",
                "destination_address_prefixes": [],
                "destination_application_security_group_ids": [],
                "destination_port_range": "80",
                "destination_port_ranges": [],
                "direction": "Inbound",
                "name": "HTTP",
                "priority": 2001,
                "protocol": "Tcp",
                "source_address_prefix": "*",
                "source_address_prefixes": [],
                "source_application_security_group_ids": [],
                "source_port_range": "*",
                "source_port_ranges": []
              }
            ],
            "tags": {
              "environment": "Terraform Demo"
            },
            "timeouts": null
          },
          "sensitive_attributes": [],
          "private": "eyJlMmJmYjczMC1lY2FhLTExZTYtOGY4OC0zNDM2M2JjN2M0YzAiOnsiY3JlYXRlIjoxODAwMDAwMDAwMDAwLCJkZWxldGUiOjE4MDAwMDAwMDAwMDAsInJlYWQiOjMwMDAwMDAwMDAwMCwidXBkYXRlIjoxODAwMDAwMDAwMDAwfX0=",
          "dependencies": [
            "azurerm_resource_group.user07-rg"
          ]
        }
      ]
    },
    {
      "mode": "managed",
      "type": "azurerm_public_ip",
      "name": "user07-publicip",
      "provider": "provider[\"registry.terraform.io/hashicorp/azurerm\"]",
      "instances": [
        {
          "schema_version": 0,
          "attributes": {
            "allocation_method": "Static",
            "availability_zone": "No-Zone",
            "domain_name_label": "user07rg",
            "fqdn": "user07rg.koreacentral.cloudapp.azure.com",
            "id": "/subscriptions/32771900-7a1d-4ba3-9fda-86ffcadfff49/resourceGroups/user07rg/providers/Microsoft.Network/publicIPAddresses/mypublicIP",
            "idle_timeout_in_minutes": 4,
            "ip_address": "20.196.84.189",
            "ip_tags": null,
            "ip_version": "IPv4",
            "location": "koreacentral",
            "name": "mypublicIP",
            "public_ip_prefix_id": null,
            "resource_group_name": "user07rg",
            "reverse_fqdn": "",
            "sku": "Basic",
            "sku_tier": "Regional",
            "tags": null,
            "timeouts": null,
            "zones": []
          },
          "sensitive_attributes": [],
          "private": "eyJlMmJmYjczMC1lY2FhLTExZTYtOGY4OC0zNDM2M2JjN2M0YzAiOnsiY3JlYXRlIjoxODAwMDAwMDAwMDAwLCJkZWxldGUiOjE4MDAwMDAwMDAwMDAsInJlYWQiOjMwMDAwMDAwMDAwMCwidXBkYXRlIjoxODAwMDAwMDAwMDAwfX0=",
          "dependencies": [
            "azurerm_resource_group.user07-rg"
          ]
        }
      ]
    },
    {
      "mode": "managed",
      "type": "azurerm_resource_group",
      "name": "user07-rg",
      "provider": "provider[\"registry.terraform.io/hashicorp/azurerm\"]",
      "instances": [
        {
          "schema_version": 0,
          "attributes": {
            "id": "/subscriptions/32771900-7a1d-4ba3-9fda-86ffcadfff49/resourceGroups/user07rg",
            "location": "koreacentral",
            "name": "user07rg",
            "tags": {
              "environment": "Terraform Demo"
            },
            "timeouts": null
          },
          "sensitive_attributes": [],
          "private": "eyJlMmJmYjczMC1lY2FhLTExZTYtOGY4OC0zNDM2M2JjN2M0YzAiOnsiY3JlYXRlIjo1NDAwMDAwMDAwMDAwLCJkZWxldGUiOjU0MDAwMDAwMDAwMDAsInJlYWQiOjMwMDAwMDAwMDAwMCwidXBkYXRlIjo1NDAwMDAwMDAwMDAwfX0="
        }
      ]
    },
    {
      "mode": "managed",
      "type": "azurerm_subnet",
      "name": "user07-subnet1",
      "provider": "provider[\"registry.terraform.io/hashicorp/azurerm\"]",
      "instances": [
        {
          "schema_version": 0,
          "attributes": {
            "address_prefix": "7.0.1.0/24",
            "address_prefixes": [
              "7.0.1.0/24"
            ],
            "delegation": [],
            "enforce_private_link_endpoint_network_policies": false,
            "enforce_private_link_service_network_policies": false,
            "id": "/subscriptions/32771900-7a1d-4ba3-9fda-86ffcadfff49/resourceGroups/user07rg/providers/Microsoft.Network/virtualNetworks/user07-vnet/subnets/user07-mysubnet1",
            "name": "user07-mysubnet1",
            "resource_group_name": "user07rg",
            "service_endpoint_policy_ids": null,
            "service_endpoints": null,
            "timeouts": null,
            "virtual_network_name": "user07-vnet"
          },
          "sensitive_attributes": [],
          "private": "eyJlMmJmYjczMC1lY2FhLTExZTYtOGY4OC0zNDM2M2JjN2M0YzAiOnsiY3JlYXRlIjoxODAwMDAwMDAwMDAwLCJkZWxldGUiOjE4MDAwMDAwMDAwMDAsInJlYWQiOjMwMDAwMDAwMDAwMCwidXBkYXRlIjoxODAwMDAwMDAwMDAwfX0=",
          "dependencies": [
            "azurerm_resource_group.user07-rg",
            "azurerm_virtual_network.user07-net"
          ]
        }
      ]
    },
    {
      "mode": "managed",
      "type": "azurerm_virtual_network",
      "name": "user07-net",
      "provider": "provider[\"registry.terraform.io/hashicorp/azurerm\"]",
      "instances": [
        {
          "schema_version": 0,
          "attributes": {
            "address_space": [
              "7.0.0.0/16"
            ],
            "bgp_community": "",
            "ddos_protection_plan": [],
            "dns_servers": [],
            "guid": "813258ac-fa91-40c4-96f2-3079f8fa147b",
            "id": "/subscriptions/32771900-7a1d-4ba3-9fda-86ffcadfff49/resourceGroups/user07rg/providers/Microsoft.Network/virtualNetworks/user07-vnet",
            "location": "koreacentral",
            "name": "user07-vnet",
            "resource_group_name": "user07rg",
            "subnet": [],
            "tags": null,
            "timeouts": null,
            "vm_protection_enabled": false
          },
          "sensitive_attributes": [],
          "private": "eyJlMmJmYjczMC1lY2FhLTExZTYtOGY4OC0zNDM2M2JjN2M0YzAiOnsiY3JlYXRlIjoxODAwMDAwMDAwMDAwLCJkZWxldGUiOjE4MDAwMDAwMDAwMDAsInJlYWQiOjMwMDAwMDAwMDAwMCwidXBkYXRlIjoxODAwMDAwMDAwMDAwfX0=",
          "dependencies": [
            "azurerm_resource_group.user07-rg"
          ]
        }
      ]
    }
  ]
}
